
Microsoft Visual Studio Solution File, Format Version 12.00
# Visual Studio Version 16
VisualStudioVersion = 16.0.28803.352
MinimumVisualStudioVersion = 10.0.40219.1
Project("{FAE04EC0-301F-11D3-BF4B-00C04F79EFBC}") = "GetAssemblyVersion", "GetAssemblyVersion\GetAssemblyVersion.csproj", "{C882E704-E972-43C4-9825-C622184428E7}"
EndProject
Global
	GlobalSection(SolutionConfigurationPlatforms) = preSolution
		Debug|Any CPU = Debug|Any CPU
		Release|Any CPU = Release|Any CPU
	EndGlobalSection
	GlobalSection(ProjectConfigurationPlatforms) = postSolution
		{C882E704-E972-43C4-9825-C622184428E7}.Debug|Any CPU.ActiveCfg = Debug|Any CPU
		{C882E704-E972-43C4-9825-C622184428E7}.Debug|Any CPU.Build.0 = Debug|Any CPU
		{C882E704-E972-43C4-9825-C622184428E7}.Release|Any CPU.ActiveCfg = Release|Any CPU
		{C882E704-E972-43C4-9825-C622184428E7}.Release|Any CPU.Build.0 = Release|Any CPU
	EndGlobalSection
	GlobalSection(SolutionProperties) = preSolution
		HideSolutionNode = FALSE
	EndGlobalSection
	GlobalSection(ExtensibilityGlobals) = postSolution
		SolutionGuid = {104BC7BA-314C-43CF-A3AE-BDF0BE174A22}
	EndGlobalSection
EndGlobal
